
Microsoft Visual Studio Solution File, Format Version 12.00
# Visual Studio Version 16
VisualStudioVersion = 16.0.31911.196
MinimumVisualStudioVersion = 10.0.40219.1
Project("{FAE04EC0-301F-11D3-BF4B-00C04F79EFBC}") = "Ucan_top_oyunu", "Ucan_top_oyunu\Ucan_top_oyunu.csproj", "{9B849A54-B035-4BA6-88AC-E79A9A00AFA9}"
EndProject
Global
	GlobalSection(SolutionConfigurationPlatforms) = preSolution
		Debug|Any CPU = Debug|Any CPU
		Release|Any CPU = Release|Any CPU
	EndGlobalSection
	GlobalSection(ProjectConfigurationPlatforms) = postSolution
		{9B849A54-B035-4BA6-88AC-E79A9A00AFA9}.Debug|Any CPU.ActiveCfg = Debug|Any CPU
		{9B849A54-B035-4BA6-88AC-E79A9A00AFA9}.Debug|Any CPU.Build.0 = Debug|Any CPU
		{9B849A54-B035-4BA6-88AC-E79A9A00AFA9}.Release|Any CPU.ActiveCfg = Release|Any CPU
		{9B849A54-B035-4BA6-88AC-E79A9A00AFA9}.Release|Any CPU.Build.0 = Release|Any CPU
	EndGlobalSection
	GlobalSection(SolutionProperties) = preSolution
		HideSolutionNode = FALSE
	EndGlobalSection
	GlobalSection(ExtensibilityGlobals) = postSolution
		SolutionGuid = {6868B871-CD90-406C-90C6-9417A6BCE8F7}
	EndGlobalSection
EndGlobal
